// !$*UTF8*$!
{
	archiveVersion = 1;
	classes = {
	};
	objectVersion = 45;
	objects = {

/* Begin PBXBuildFile section */
		0A1104470E2C059D0000B08D /* AudioToolbox.framework in Frameworks */ = {isa = PBXBuildFile; fileRef = 0A1104460E2C059D0000B08D /* AudioToolbox.framework */; };
		0A5808E111F38FF6004F0A23 /* MainWindow.xib in Resources */ = {isa = PBXBuildFile; fileRef = 0A5808D111F38FF6004F0A23 /* MainWindow.xib */; };
		0A5808E211F38FF6004F0A23 /* SysSoundViewController.xib in Resources */ = {isa = PBXBuildFile; fileRef = 0A5808D311F38FF6004F0A23 /* SysSoundViewController.xib */; };
		0A5808E411F38FF6004F0A23 /* Default.png in Resources */ = {isa = PBXBuildFile; fileRef = 0A5808D711F38FF6004F0A23 /* Default.png */; };
		0A5808EB11F38FF6004F0A23 /* iTunesArtwork in Resources */ = {isa = PBXBuildFile; fileRef = 0A5808DE11F38FF6004F0A23 /* iTunesArtwork */; };
		0A5808EC11F38FF6004F0A23 /* tap.aif in Resources */ = {isa = PBXBuildFile; fileRef = 0A5808E011F38FF6004F0A23 /* tap.aif */; };
		1D3623260D0F684500981E51 /* SysSoundAppDelegate.m in Sources */ = {isa = PBXBuildFile; fileRef = 1D3623250D0F684500981E51 /* SysSoundAppDelegate.m */; };
		1D60589B0D05DD56006BFB54 /* main.m in Sources */ = {isa = PBXBuildFile; fileRef = 29B97316FDCFA39411CA2CEA /* main.m */; };
		1D60589F0D05DD5A006BFB54 /* Foundation.framework in Frameworks */ = {isa = PBXBuildFile; fileRef = 1D30AB110D05D00D00671497 /* Foundation.framework */; };
		1DF5F4E00D08C38300B7A737 /* UIKit.framework in Frameworks */ = {isa = PBXBuildFile; fileRef = 1DF5F4DF0D08C38300B7A737 /* UIKit.framework */; };
		28D7ACF80DDB3853001CB0EB /* SysSoundViewController.m in Sources */ = {isa = PBXBuildFile; fileRef = 28D7ACF70DDB3853001CB0EB /* SysSoundViewController.m */; };
		E18995D312A5E70100AF6D78 /* amen.wav in Resources */ = {isa = PBXBuildFile; fileRef = E18995D212A5E70100AF6D78 /* amen.wav */; };
		E18995F212A5EE0F00AF6D78 /* rock_steady.wav in Resources */ = {isa = PBXBuildFile; fileRef = E18995EF12A5EE0F00AF6D78 /* rock_steady.wav */; };
		E18995F312A5EE0F00AF6D78 /* funky_drummer.wav in Resources */ = {isa = PBXBuildFile; fileRef = E18995F012A5EE0F00AF6D78 /* funky_drummer.wav */; };
		E18995F412A5EE0F00AF6D78 /* think.wav in Resources */ = {isa = PBXBuildFile; fileRef = E18995F112A5EE0F00AF6D78 /* think.wav */; };
		E19A48C912A600C0005AE1A0 /* icon.png in Resources */ = {isa = PBXBuildFile; fileRef = E19A48C812A600C0005AE1A0 /* icon.png */; };
/* End PBXBuildFile section */

/* Begin PBXFileReference section */
		0A1104460E2C059D0000B08D /* AudioToolbox.framework */ = {isa = PBXFileReference; lastKnownFileType = wrapper.framework; name = AudioToolbox.framework; path = System/Library/Frameworks/AudioToolbox.framework; sourceTree = SDKROOT; };
		0A5808D211F38FF6004F0A23 /* en */ = {isa = PBXFileReference; lastKnownFileType = file.xib; name = en; path = MainWindow.xib; sourceTree = "<group>"; };
		0A5808D411F38FF6004F0A23 /* en */ = {isa = PBXFileReference; lastKnownFileType = file.xib; name = en; path = SysSoundViewController.xib; sourceTree = "<group>"; };
		0A5808D711F38FF6004F0A23 /* Default.png */ = {isa = PBXFileReference; lastKnownFileType = image.png; path = Default.png; sourceTree = "<group>"; };
		0A5808DE11F38FF6004F0A23 /* iTunesArtwork */ = {isa = PBXFileReference; lastKnownFileType = file; path = iTunesArtwork; sourceTree = "<group>"; };
		0A5808E011F38FF6004F0A23 /* tap.aif */ = {isa = PBXFileReference; lastKnownFileType = file; path = tap.aif; sourceTree = "<group>"; };
		1D30AB110D05D00D00671497 /* Foundation.framework */ = {isa = PBXFileReference; lastKnownFileType = wrapper.framework; name = Foundation.framework; path = System/Library/Frameworks/Foundation.framework; sourceTree = SDKROOT; };
		1D3623240D0F684500981E51 /* SysSoundAppDelegate.h */ = {isa = PBXFileReference; fileEncoding = 4; lastKnownFileType = sourcecode.c.h; path = SysSoundAppDelegate.h; sourceTree = "<group>"; };
		1D3623250D0F684500981E51 /* SysSoundAppDelegate.m */ = {isa = PBXFileReference; fileEncoding = 4; lastKnownFileType = sourcecode.c.objc; path = SysSoundAppDelegate.m; sourceTree = "<group>"; };
		1D6058910D05DD3D006BFB54 /* Breakbeat.app */ = {isa = PBXFileReference; explicitFileType = wrapper.application; includeInIndex = 0; path = Breakbeat.app; sourceTree = BUILT_PRODUCTS_DIR; };
		1DF5F4DF0D08C38300B7A737 /* UIKit.framework */ = {isa = PBXFileReference; lastKnownFileType = wrapper.framework; name = UIKit.framework; path = System/Library/Frameworks/UIKit.framework; sourceTree = SDKROOT; };
		28D7ACF60DDB3853001CB0EB /* SysSoundViewController.h */ = {isa = PBXFileReference; fileEncoding = 4; lastKnownFileType = sourcecode.c.h; path = SysSoundViewController.h; sourceTree = "<group>"; };
		28D7ACF70DDB3853001CB0EB /* SysSoundViewController.m */ = {isa = PBXFileReference; fileEncoding = 4; lastKnownFileType = sourcecode.c.objc; path = SysSoundViewController.m; sourceTree = "<group>"; };
		29B97316FDCFA39411CA2CEA /* main.m */ = {isa = PBXFileReference; fileEncoding = 4; lastKnownFileType = sourcecode.c.objc; path = main.m; sourceTree = "<group>"; };
		32CA4F630368D1EE00C91783 /* Breakbeat_Prefix.pch */ = {isa = PBXFileReference; fileEncoding = 4; lastKnownFileType = sourcecode.c.h; path = Breakbeat_Prefix.pch; sourceTree = "<group>"; };
		8D1107310486CEB800E47090 /* Info.plist */ = {isa = PBXFileReference; fileEncoding = 4; lastKnownFileType = text.plist.xml; path = Info.plist; sourceTree = "<group>"; };
		E18995D212A5E70100AF6D78 /* amen.wav */ = {isa = PBXFileReference; lastKnownFileType = audio.wav; path = amen.wav; sourceTree = "<group>"; };
		E18995EF12A5EE0F00AF6D78 /* rock_steady.wav */ = {isa = PBXFileReference; lastKnownFileType = audio.wav; path = rock_steady.wav; sourceTree = "<group>"; };
		E18995F012A5EE0F00AF6D78 /* funky_drummer.wav */ = {isa = PBXFileReference; lastKnownFileType = audio.wav; path = funky_drummer.wav; sourceTree = "<group>"; };
		E18995F112A5EE0F00AF6D78 /* think.wav */ = {isa = PBXFileReference; lastKnownFileType = audio.wav; path = think.wav; sourceTree = "<group>"; };
		E19A48C812A600C0005AE1A0 /* icon.png */ = {isa = PBXFileReference; lastKnownFileType = image.png; path = icon.png; sourceTree = "<group>"; };
/* End PBXFileReference section */

/* Begin PBXFrameworksBuildPhase section */
		1D60588F0D05DD3D006BFB54 /* Frameworks */ = {
			isa = PBXFrameworksBuildPhase;
			buildActionMask = 2147483647;
			files = (
				1D60589F0D05DD5A006BFB54 /* Foundation.framework in Frameworks */,
				1DF5F4E00D08C38300B7A737 /* UIKit.framework in Frameworks */,
				0A1104470E2C059D0000B08D /* AudioToolbox.framework in Frameworks */,
			);
			runOnlyForDeploymentPostprocessing = 0;
		};
/* End PBXFrameworksBuildPhase section */

/* Begin PBXGroup section */
		080E96DDFE201D6D7F000001 /* Classes */ = {
			isa = PBXGroup;
			children = (
				1D3623240D0F684500981E51 /* SysSoundAppDelegate.h */,
				1D3623250D0F684500981E51 /* SysSoundAppDelegate.m */,
				28D7ACF60DDB3853001CB0EB /* SysSoundViewController.h */,
				28D7ACF70DDB3853001CB0EB /* SysSoundViewController.m */,
			);
			path = Classes;
			sourceTree = "<group>";
		};
		0A5808D011F38FF6004F0A23 /* en.lproj */ = {
			isa = PBXGroup;
			children = (
				0A5808D111F38FF6004F0A23 /* MainWindow.xib */,
				0A5808D311F38FF6004F0A23 /* SysSoundViewController.xib */,
			);
			name = en.lproj;
			path = Resources/en.lproj;
			sourceTree = "<group>";
		};
		0A5808D511F38FF6004F0A23 /* images */ = {
			isa = PBXGroup;
			children = (
				0A5808D711F38FF6004F0A23 /* Default.png */,
				E19A48C812A600C0005AE1A0 /* icon.png */,
				0A5808DE11F38FF6004F0A23 /* iTunesArtwork */,
			);
			name = images;
			path = Resources/images;
			sourceTree = "<group>";
		};
		0A5808DF11F38FF6004F0A23 /* sounds */ = {
			isa = PBXGroup;
			children = (
				E18995EF12A5EE0F00AF6D78 /* rock_steady.wav */,
				E18995F012A5EE0F00AF6D78 /* funky_drummer.wav */,
				E18995F112A5EE0F00AF6D78 /* think.wav */,
				E18995D212A5E70100AF6D78 /* amen.wav */,
				0A5808E011F38FF6004F0A23 /* tap.aif */,
			);
			name = sounds;
			path = Resources/sounds;
			sourceTree = "<group>";
		};
		19C28FACFE9D520D11CA2CBB /* Products */ = {
			isa = PBXGroup;
			children = (
				1D6058910D05DD3D006BFB54 /* Breakbeat.app */,
			);
			name = Products;
			sourceTree = "<group>";
		};
		29B97314FDCFA39411CA2CEA /* CustomTemplate */ = {
			isa = PBXGroup;
			children = (
				080E96DDFE201D6D7F000001 /* Classes */,
				29B97315FDCFA39411CA2CEA /* Other Sources */,
				29B97317FDCFA39411CA2CEA /* Resources */,
				29B97323FDCFA39411CA2CEA /* Frameworks */,
				19C28FACFE9D520D11CA2CBB /* Products */,
			);
			name = CustomTemplate;
			sourceTree = "<group>";
		};
		29B97315FDCFA39411CA2CEA /* Other Sources */ = {
			isa = PBXGroup;
			children = (
				32CA4F630368D1EE00C91783 /* Breakbeat_Prefix.pch */,
				29B97316FDCFA39411CA2CEA /* main.m */,
			);
			name = "Other Sources";
			sourceTree = "<group>";
		};
		29B97317FDCFA39411CA2CEA /* Resources */ = {
			isa = PBXGroup;
			children = (
				8D1107310486CEB800E47090 /* Info.plist */,
				0A5808D011F38FF6004F0A23 /* en.lproj */,
				0A5808D511F38FF6004F0A23 /* images */,
				0A5808DF11F38FF6004F0A23 /* sounds */,
			);
			name = Resources;
			sourceTree = "<group>";
		};
		29B97323FDCFA39411CA2CEA /* Frameworks */ = {
			isa = PBXGroup;
			children = (
				0A1104460E2C059D0000B08D /* AudioToolbox.framework */,
				1DF5F4DF0D08C38300B7A737 /* UIKit.framework */,
				1D30AB110D05D00D00671497 /* Foundation.framework */,
			);
			name = Frameworks;
			sourceTree = "<group>";
		};
/* End PBXGroup section */

/* Begin PBXNativeTarget section */
		1D6058900D05DD3D006BFB54 /* Breakbeat */ = {
			isa = PBXNativeTarget;
			buildConfigurationList = 1D6058960D05DD3E006BFB54 /* Build configuration list for PBXNativeTarget "Breakbeat" */;
			buildPhases = (
				1D60588D0D05DD3D006BFB54 /* Resources */,
				1D60588E0D05DD3D006BFB54 /* Sources */,
				1D60588F0D05DD3D006BFB54 /* Frameworks */,
			);
			buildRules = (
			);
			dependencies = (
			);
			name = Breakbeat;
			productName = SysSound;
			productReference = 1D6058910D05DD3D006BFB54 /* Breakbeat.app */;
			productType = "com.apple.product-type.application";
		};
/* End PBXNativeTarget section */

/* Begin PBXProject section */
		29B97313FDCFA39411CA2CEA /* Project object */ = {
			isa = PBXProject;
			buildConfigurationList = C01FCF4E08A954540054247B /* Build configuration list for PBXProject "Breakbeat" */;
			compatibilityVersion = "Xcode 3.1";
			developmentRegion = English;
			hasScannedForEncodings = 1;
			knownRegions = (
				English,
				Japanese,
				French,
				German,
				en,
			);
			mainGroup = 29B97314FDCFA39411CA2CEA /* CustomTemplate */;
			projectDirPath = "";
			projectRoot = "";
			targets = (
				1D6058900D05DD3D006BFB54 /* Breakbeat */,
			);
		};
/* End PBXProject section */

/* Begin PBXResourcesBuildPhase section */
		1D60588D0D05DD3D006BFB54 /* Resources */ = {
			isa = PBXResourcesBuildPhase;
			buildActionMask = 2147483647;
			files = (
				0A5808E111F38FF6004F0A23 /* MainWindow.xib in Resources */,
				0A5808E211F38FF6004F0A23 /* SysSoundViewController.xib in Resources */,
				0A5808E411F38FF6004F0A23 /* Default.png in Resources */,
				0A5808EB11F38FF6004F0A23 /* iTunesArtwork in Resources */,
				0A5808EC11F38FF6004F0A23 /* tap.aif in Resources */,
				E18995D312A5E70100AF6D78 /* amen.wav in Resources */,
				E18995F212A5EE0F00AF6D78 /* rock_steady.wav in Resources */,
				E18995F312A5EE0F00AF6D78 /* funky_drummer.wav in Resources */,
				E18995F412A5EE0F00AF6D78 /* think.wav in Resources */,
				E19A48C912A600C0005AE1A0 /* icon.png in Resources */,
			);
			runOnlyForDeploymentPostprocessing = 0;
		};
/* End PBXResourcesBuildPhase section */

/* Begin PBXSourcesBuildPhase section */
		1D60588E0D05DD3D006BFB54 /* Sources */ = {
			isa = PBXSourcesBuildPhase;
			buildActionMask = 2147483647;
			files = (
				1D60589B0D05DD56006BFB54 /* main.m in Sources */,
				1D3623260D0F684500981E51 /* SysSoundAppDelegate.m in Sources */,
				28D7ACF80DDB3853001CB0EB /* SysSoundViewController.m in Sources */,
			);
			runOnlyForDeploymentPostprocessing = 0;
		};
/* End PBXSourcesBuildPhase section */

/* Begin PBXVariantGroup section */
		0A5808D111F38FF6004F0A23 /* MainWindow.xib */ = {
			isa = PBXVariantGroup;
			children = (
				0A5808D211F38FF6004F0A23 /* en */,
			);
			name = MainWindow.xib;
			sourceTree = "<group>";
		};
		0A5808D311F38FF6004F0A23 /* SysSoundViewController.xib */ = {
			isa = PBXVariantGroup;
			children = (
				0A5808D411F38FF6004F0A23 /* en */,
			);
			name = SysSoundViewController.xib;
			sourceTree = "<group>";
		};
/* End PBXVariantGroup section */

/* Begin XCBuildConfiguration section */
		1D6058940D05DD3E006BFB54 /* Debug */ = {
			isa = XCBuildConfiguration;
			buildSettings = {
				ALWAYS_SEARCH_USER_PATHS = NO;
				COPY_PHASE_STRIP = NO;
				GCC_DYNAMIC_NO_PIC = NO;
				GCC_OPTIMIZATION_LEVEL = 0;
				GCC_PRECOMPILE_PREFIX_HEADER = YES;
				GCC_PREFIX_HEADER = Breakbeat_Prefix.pch;
				INFOPLIST_FILE = Info.plist;
				IPHONEOS_DEPLOYMENT_TARGET = 4.2;
				PRODUCT_NAME = Breakbeat;
				SDKROOT = iphoneos4.2;
			};
			name = Debug;
		};
		1D6058950D05DD3E006BFB54 /* Release */ = {
			isa = XCBuildConfiguration;
			buildSettings = {
				ALWAYS_SEARCH_USER_PATHS = NO;
				COPY_PHASE_STRIP = YES;
				GCC_PRECOMPILE_PREFIX_HEADER = YES;
				GCC_PREFIX_HEADER = Breakbeat_Prefix.pch;
				INFOPLIST_FILE = Info.plist;
				IPHONEOS_DEPLOYMENT_TARGET = 4.2;
				PRODUCT_NAME = Breakbeat;
				SDKROOT = iphoneos4.2;
			};
			name = Release;
		};
		C01FCF4F08A954540054247B /* Debug */ = {
			isa = XCBuildConfiguration;
			buildSettings = {
				ARCHS = "$(ARCHS_STANDARD_32_BIT)";
				"CODE_SIGN_IDENTITY[sdk=iphoneos*]" = "iPhone Developer";
				GCC_C_LANGUAGE_STANDARD = c99;
				GCC_WARN_ABOUT_RETURN_TYPE = YES;
				GCC_WARN_UNUSED_VARIABLE = YES;
				ONLY_ACTIVE_ARCH = YES;
				PREBINDING = NO;
				"PROVISIONING_PROFILE[sdk=iphoneos*]" = "";
				SDKROOT = iphoneos4.0;
			};
			name = Debug;
		};
		C01FCF5008A954540054247B /* Release */ = {
			isa = XCBuildConfiguration;
			buildSettings = {
				ARCHS = "$(ARCHS_STANDARD_32_BIT)";
				"CODE_SIGN_IDENTITY[sdk=iphoneos*]" = "iPhone Developer: Robert Pitts (A26WHYR8X4)";
				GCC_C_LANGUAGE_STANDARD = c99;
				GCC_WARN_ABOUT_RETURN_TYPE = YES;
				GCC_WARN_UNUSED_VARIABLE = YES;
				PREBINDING = NO;
				SDKROOT = iphoneos4.0;
			};
			name = Release;
		};
/* End XCBuildConfiguration section */

/* Begin XCConfigurationList section */
		1D6058960D05DD3E006BFB54 /* Build configuration list for PBXNativeTarget "Breakbeat" */ = {
			isa = XCConfigurationList;
			buildConfigurations = (
				1D6058940D05DD3E006BFB54 /* Debug */,
				1D6058950D05DD3E006BFB54 /* Release */,
			);
			defaultConfigurationIsVisible = 0;
			defaultConfigurationName = Release;
		};
		C01FCF4E08A954540054247B /* Build configuration list for PBXProject "Breakbeat" */ = {
			isa = XCConfigurationList;
			buildConfigurations = (
				C01FCF4F08A954540054247B /* Debug */,
				C01FCF5008A954540054247B /* Release */,
			);
			defaultConfigurationIsVisible = 0;
			defaultConfigurationName = Release;
		};
/* End XCConfigurationList section */
	};
	rootObject = 29B97313FDCFA39411CA2CEA /* Project object */;
}
